
Microsoft Visual Studio Solution File, Format Version 12.00
# Visual Studio Version 17
VisualStudioVersion = 17.3.32819.101
MinimumVisualStudioVersion = 10.0.40219.1
Project("{9A19103F-16F7-4668-BE54-9A1E7A4F7556}") = "Banking-C37", "Banking-C37\Banking-C37.csproj", "{08E830EE-D0C6-491D-A979-9C029E678837}"
EndProject
Project("{FAE04EC0-301F-11D3-BF4B-00C04F79EFBC}") = "TestBanking2", "TestBanking2\TestBanking2.csproj", "{745C082A-7A2B-4D0B-8CE8-652F03590E0A}"
EndProject
Global
	GlobalSection(SolutionConfigurationPlatforms) = preSolution
		Debug|Any CPU = Debug|Any CPU
		Release|Any CPU = Release|Any CPU
	EndGlobalSection
	GlobalSection(ProjectConfigurationPlatforms) = postSolution
		{08E830EE-D0C6-491D-A979-9C029E678837}.Debug|Any CPU.ActiveCfg = Debug|Any CPU
		{08E830EE-D0C6-491D-A979-9C029E678837}.Debug|Any CPU.Build.0 = Debug|Any CPU
		{08E830EE-D0C6-491D-A979-9C029E678837}.Release|Any CPU.ActiveCfg = Release|Any CPU
		{08E830EE-D0C6-491D-A979-9C029E678837}.Release|Any CPU.Build.0 = Release|Any CPU
		{745C082A-7A2B-4D0B-8CE8-652F03590E0A}.Debug|Any CPU.ActiveCfg = Debug|Any CPU
		{745C082A-7A2B-4D0B-8CE8-652F03590E0A}.Debug|Any CPU.Build.0 = Debug|Any CPU
		{745C082A-7A2B-4D0B-8CE8-652F03590E0A}.Release|Any CPU.ActiveCfg = Release|Any CPU
		{745C082A-7A2B-4D0B-8CE8-652F03590E0A}.Release|Any CPU.Build.0 = Release|Any CPU
	EndGlobalSection
	GlobalSection(SolutionProperties) = preSolution
		HideSolutionNode = FALSE
	EndGlobalSection
	GlobalSection(ExtensibilityGlobals) = postSolution
		SolutionGuid = {2DB546E9-562C-46D9-99A7-C7904CEF5F08}
	EndGlobalSection
EndGlobal
